// !$*UTF8*$!
{
	archiveVersion = 1;
	classes = {
	};
	objectVersion = 50;
	objects = {

/* Begin PBXBuildFile section */
		1903C3E0261CA2CD0028E9AF /* AppDelegate.swift in Sources */ = {isa = PBXBuildFile; fileRef = 1903C3DF261CA2CD0028E9AF /* AppDelegate.swift */; };
		1903C3E2261CA2CD0028E9AF /* SceneDelegate.swift in Sources */ = {isa = PBXBuildFile; fileRef = 1903C3E1261CA2CD0028E9AF /* SceneDelegate.swift */; };
		1903C3E4261CA2CD0028E9AF /* ViewController.swift in Sources */ = {isa = PBXBuildFile; fileRef = 1903C3E3261CA2CD0028E9AF /* ViewController.swift */; };
		1903C3E7261CA2CD0028E9AF /* Main.storyboard in Resources */ = {isa = PBXBuildFile; fileRef = 1903C3E5261CA2CD0028E9AF /* Main.storyboard */; };
		1903C3EA261CA2CD0028E9AF /* deneme4_1.xcdatamodeld in Sources */ = {isa = PBXBuildFile; fileRef = 1903C3E8261CA2CD0028E9AF /* deneme4_1.xcdatamodeld */; };
		1903C3EC261CA2CF0028E9AF /* Assets.xcassets in Resources */ = {isa = PBXBuildFile; fileRef = 1903C3EB261CA2CF0028E9AF /* Assets.xcassets */; };
		1903C3EF261CA2CF0028E9AF /* LaunchScreen.storyboard in Resources */ = {isa = PBXBuildFile; fileRef = 1903C3ED261CA2CF0028E9AF /* LaunchScreen.storyboard */; };
		1903C3FA261CA2CF0028E9AF /* deneme4_1Tests.swift in Sources */ = {isa = PBXBuildFile; fileRef = 1903C3F9261CA2CF0028E9AF /* deneme4_1Tests.swift */; };
		1903C405261CA2CF0028E9AF /* deneme4_1UITests.swift in Sources */ = {isa = PBXBuildFile; fileRef = 1903C404261CA2CF0028E9AF /* deneme4_1UITests.swift */; };
/* End PBXBuildFile section */

/* Begin PBXContainerItemProxy section */
		1903C3F6261CA2CF0028E9AF /* PBXContainerItemProxy */ = {
			isa = PBXContainerItemProxy;
			containerPortal = 1903C3D4261CA2CD0028E9AF /* Project object */;
			proxyType = 1;
			remoteGlobalIDString = 1903C3DB261CA2CD0028E9AF;
			remoteInfo = deneme4.1;
		};
		1903C401261CA2CF0028E9AF /* PBXContainerItemProxy */ = {
			isa = PBXContainerItemProxy;
			containerPortal = 1903C3D4261CA2CD0028E9AF /* Project object */;
			proxyType = 1;
			remoteGlobalIDString = 1903C3DB261CA2CD0028E9AF;
			remoteInfo = deneme4.1;
		};
/* End PBXContainerItemProxy section */

/* Begin PBXFileReference section */
		1903C3DC261CA2CD0028E9AF /* deneme4.1.app */ = {isa = PBXFileReference; explicitFileType = wrapper.application; includeInIndex = 0; path = deneme4.1.app; sourceTree = BUILT_PRODUCTS_DIR; };
		1903C3DF261CA2CD0028E9AF /* AppDelegate.swift */ = {isa = PBXFileReference; lastKnownFileType = sourcecode.swift; path = AppDelegate.swift; sourceTree = "<group>"; };
		1903C3E1261CA2CD0028E9AF /* SceneDelegate.swift */ = {isa = PBXFileReference; lastKnownFileType = sourcecode.swift; path = SceneDelegate.swift; sourceTree = "<group>"; };
		1903C3E3261CA2CD0028E9AF /* ViewController.swift */ = {isa = PBXFileReference; lastKnownFileType = sourcecode.swift; path = ViewController.swift; sourceTree = "<group>"; };
		1903C3E6261CA2CD0028E9AF /* Base */ = {isa = PBXFileReference; lastKnownFileType = file.storyboard; name = Base; path = Base.lproj/Main.storyboard; sourceTree = "<group>"; };
		1903C3E9261CA2CD0028E9AF /* deneme4_1.xcdatamodel */ = {isa = PBXFileReference; lastKnownFileType = wrapper.xcdatamodel; path = deneme4_1.xcdatamodel; sourceTree = "<group>"; };
		1903C3EB261CA2CF0028E9AF /* Assets.xcassets */ = {isa = PBXFileReference; lastKnownFileType = folder.assetcatalog; path = Assets.xcassets; sourceTree = "<group>"; };
		1903C3EE261CA2CF0028E9AF /* Base */ = {isa = PBXFileReference; lastKnownFileType = file.storyboard; name = Base; path = Base.lproj/LaunchScreen.storyboard; sourceTree = "<group>"; };
		1903C3F0261CA2CF0028E9AF /* Info.plist */ = {isa = PBXFileReference; lastKnownFileType = text.plist.xml; path = Info.plist; sourceTree = "<group>"; };
		1903C3F5261CA2CF0028E9AF /* deneme4.1Tests.xctest */ = {isa = PBXFileReference; explicitFileType = wrapper.cfbundle; includeInIndex = 0; path = deneme4.1Tests.xctest; sourceTree = BUILT_PRODUCTS_DIR; };
		1903C3F9261CA2CF0028E9AF /* deneme4_1Tests.swift */ = {isa = PBXFileReference; lastKnownFileType = sourcecode.swift; path = deneme4_1Tests.swift; sourceTree = "<group>"; };
		1903C3FB261CA2CF0028E9AF /* Info.plist */ = {isa = PBXFileReference; lastKnownFileType = text.plist.xml; path = Info.plist; sourceTree = "<group>"; };
		1903C400261CA2CF0028E9AF /* deneme4.1UITests.xctest */ = {isa = PBXFileReference; explicitFileType = wrapper.cfbundle; includeInIndex = 0; path = deneme4.1UITests.xctest; sourceTree = BUILT_PRODUCTS_DIR; };
		1903C404261CA2CF0028E9AF /* deneme4_1UITests.swift */ = {isa = PBXFileReference; lastKnownFileType = sourcecode.swift; path = deneme4_1UITests.swift; sourceTree = "<group>"; };
		1903C406261CA2CF0028E9AF /* Info.plist */ = {isa = PBXFileReference; lastKnownFileType = text.plist.xml; path = Info.plist; sourceTree = "<group>"; };
/* End PBXFileReference section */

/* Begin PBXFrameworksBuildPhase section */
		1903C3D9261CA2CD0028E9AF /* Frameworks */ = {
			isa = PBXFrameworksBuildPhase;
			buildActionMask = 2147483647;
			files = (
			);
			runOnlyForDeploymentPostprocessing = 0;
		};
		1903C3F2261CA2CF0028E9AF /* Frameworks */ = {
			isa = PBXFrameworksBuildPhase;
			buildActionMask = 2147483647;
			files = (
			);
			runOnlyForDeploymentPostprocessing = 0;
		};
		1903C3FD261CA2CF0028E9AF /* Frameworks */ = {
			isa = PBXFrameworksBuildPhase;
			buildActionMask = 2147483647;
			files = (
			);
			runOnlyForDeploymentPostprocessing = 0;
		};
/* End PBXFrameworksBuildPhase section */

/* Begin PBXGroup section */
		1903C3D3261CA2CD0028E9AF = {
			isa = PBXGroup;
			children = (
				1903C3DE261CA2CD0028E9AF /* deneme4.1 */,
				1903C3F8261CA2CF0028E9AF /* deneme4.1Tests */,
				1903C403261CA2CF0028E9AF /* deneme4.1UITests */,
				1903C3DD261CA2CD0028E9AF /* Products */,
			);
			sourceTree = "<group>";
		};
		1903C3DD261CA2CD0028E9AF /* Products */ = {
			isa = PBXGroup;
			children = (
				1903C3DC261CA2CD0028E9AF /* deneme4.1.app */,
				1903C3F5261CA2CF0028E9AF /* deneme4.1Tests.xctest */,
				1903C400261CA2CF0028E9AF /* deneme4.1UITests.xctest */,
			);
			name = Products;
			sourceTree = "<group>";
		};
		1903C3DE261CA2CD0028E9AF /* deneme4.1 */ = {
			isa = PBXGroup;
			children = (
				1903C3DF261CA2CD0028E9AF /* AppDelegate.swift */,
				1903C3E1261CA2CD0028E9AF /* SceneDelegate.swift */,
				1903C3E3261CA2CD0028E9AF /* ViewController.swift */,
				1903C3E5261CA2CD0028E9AF /* Main.storyboard */,
				1903C3EB261CA2CF0028E9AF /* Assets.xcassets */,
				1903C3ED261CA2CF0028E9AF /* LaunchScreen.storyboard */,
				1903C3F0261CA2CF0028E9AF /* Info.plist */,
				1903C3E8261CA2CD0028E9AF /* deneme4_1.xcdatamodeld */,
			);
			path = deneme4.1;
			sourceTree = "<group>";
		};
		1903C3F8261CA2CF0028E9AF /* deneme4.1Tests */ = {
			isa = PBXGroup;
			children = (
				1903C3F9261CA2CF0028E9AF /* deneme4_1Tests.swift */,
				1903C3FB261CA2CF0028E9AF /* Info.plist */,
			);
			path = deneme4.1Tests;
			sourceTree = "<group>";
		};
		1903C403261CA2CF0028E9AF /* deneme4.1UITests */ = {
			isa = PBXGroup;
			children = (
				1903C404261CA2CF0028E9AF /* deneme4_1UITests.swift */,
				1903C406261CA2CF0028E9AF /* Info.plist */,
			);
			path = deneme4.1UITests;
			sourceTree = "<group>";
		};
/* End PBXGroup section */

/* Begin PBXNativeTarget section */
		1903C3DB261CA2CD0028E9AF /* deneme4.1 */ = {
			isa = PBXNativeTarget;
			buildConfigurationList = 1903C409261CA2CF0028E9AF /* Build configuration list for PBXNativeTarget "deneme4.1" */;
			buildPhases = (
				1903C3D8261CA2CD0028E9AF /* Sources */,
				1903C3D9261CA2CD0028E9AF /* Frameworks */,
				1903C3DA261CA2CD0028E9AF /* Resources */,
			);
			buildRules = (
			);
			dependencies = (
			);
			name = deneme4.1;
			productName = deneme4.1;
			productReference = 1903C3DC261CA2CD0028E9AF /* deneme4.1.app */;
			productType = "com.apple.product-type.application";
		};
		1903C3F4261CA2CF0028E9AF /* deneme4.1Tests */ = {
			isa = PBXNativeTarget;
			buildConfigurationList = 1903C40C261CA2CF0028E9AF /* Build configuration list for PBXNativeTarget "deneme4.1Tests" */;
			buildPhases = (
				1903C3F1261CA2CF0028E9AF /* Sources */,
				1903C3F2261CA2CF0028E9AF /* Frameworks */,
				1903C3F3261CA2CF0028E9AF /* Resources */,
			);
			buildRules = (
			);
			dependencies = (
				1903C3F7261CA2CF0028E9AF /* PBXTargetDependency */,
			);
			name = deneme4.1Tests;
			productName = deneme4.1Tests;
			productReference = 1903C3F5261CA2CF0028E9AF /* deneme4.1Tests.xctest */;
			productType = "com.apple.product-type.bundle.unit-test";
		};
		1903C3FF261CA2CF0028E9AF /* deneme4.1UITests */ = {
			isa = PBXNativeTarget;
			buildConfigurationList = 1903C40F261CA2CF0028E9AF /* Build configuration list for PBXNativeTarget "deneme4.1UITests" */;
			buildPhases = (
				1903C3FC261CA2CF0028E9AF /* Sources */,
				1903C3FD261CA2CF0028E9AF /* Frameworks */,
				1903C3FE261CA2CF0028E9AF /* Resources */,
			);
			buildRules = (
			);
			dependencies = (
				1903C402261CA2CF0028E9AF /* PBXTargetDependency */,
			);
			name = deneme4.1UITests;
			productName = deneme4.1UITests;
			productReference = 1903C400261CA2CF0028E9AF /* deneme4.1UITests.xctest */;
			productType = "com.apple.product-type.bundle.ui-testing";
		};
/* End PBXNativeTarget section */

/* Begin PBXProject section */
		1903C3D4261CA2CD0028E9AF /* Project object */ = {
			isa = PBXProject;
			attributes = {
				LastSwiftUpdateCheck = 1130;
				LastUpgradeCheck = 1130;
				ORGANIZATIONNAME = "erdem öden";
				TargetAttributes = {
					1903C3DB261CA2CD0028E9AF = {
						CreatedOnToolsVersion = 11.3.1;
					};
					1903C3F4261CA2CF0028E9AF = {
						CreatedOnToolsVersion = 11.3.1;
						TestTargetID = 1903C3DB261CA2CD0028E9AF;
					};
					1903C3FF261CA2CF0028E9AF = {
						CreatedOnToolsVersion = 11.3.1;
						TestTargetID = 1903C3DB261CA2CD0028E9AF;
					};
				};
			};
			buildConfigurationList = 1903C3D7261CA2CD0028E9AF /* Build configuration list for PBXProject "deneme4.1" */;
			compatibilityVersion = "Xcode 9.3";
			developmentRegion = en;
			hasScannedForEncodings = 0;
			knownRegions = (
				en,
				Base,
			);
			mainGroup = 1903C3D3261CA2CD0028E9AF;
			productRefGroup = 1903C3DD261CA2CD0028E9AF /* Products */;
			projectDirPath = "";
			projectRoot = "";
			targets = (
				1903C3DB261CA2CD0028E9AF /* deneme4.1 */,
				1903C3F4261CA2CF0028E9AF /* deneme4.1Tests */,
				1903C3FF261CA2CF0028E9AF /* deneme4.1UITests */,
			);
		};
/* End PBXProject section */

/* Begin PBXResourcesBuildPhase section */
		1903C3DA261CA2CD0028E9AF /* Resources */ = {
			isa = PBXResourcesBuildPhase;
			buildActionMask = 2147483647;
			files = (
				1903C3EF261CA2CF0028E9AF /* LaunchScreen.storyboard in Resources */,
				1903C3EC261CA2CF0028E9AF /* Assets.xcassets in Resources */,
				1903C3E7261CA2CD0028E9AF /* Main.storyboard in Resources */,
			);
			runOnlyForDeploymentPostprocessing = 0;
		};
		1903C3F3261CA2CF0028E9AF /* Resources */ = {
			isa = PBXResourcesBuildPhase;
			buildActionMask = 2147483647;
			files = (
			);
			runOnlyForDeploymentPostprocessing = 0;
		};
		1903C3FE261CA2CF0028E9AF /* Resources */ = {
			isa = PBXResourcesBuildPhase;
			buildActionMask = 2147483647;
			files = (
			);
			runOnlyForDeploymentPostprocessing = 0;
		};
/* End PBXResourcesBuildPhase section */

/* Begin PBXSourcesBuildPhase section */
		1903C3D8261CA2CD0028E9AF /* Sources */ = {
			isa = PBXSourcesBuildPhase;
			buildActionMask = 2147483647;
			files = (
				1903C3EA261CA2CD0028E9AF /* deneme4_1.xcdatamodeld in Sources */,
				1903C3E4261CA2CD0028E9AF /* ViewController.swift in Sources */,
				1903C3E0261CA2CD0028E9AF /* AppDelegate.swift in Sources */,
				1903C3E2261CA2CD0028E9AF /* SceneDelegate.swift in Sources */,
			);
			runOnlyForDeploymentPostprocessing = 0;
		};
		1903C3F1261CA2CF0028E9AF /* Sources */ = {
			isa = PBXSourcesBuildPhase;
			buildActionMask = 2147483647;
			files = (
				1903C3FA261CA2CF0028E9AF /* deneme4_1Tests.swift in Sources */,
			);
			runOnlyForDeploymentPostprocessing = 0;
		};
		1903C3FC261CA2CF0028E9AF /* Sources */ = {
			isa = PBXSourcesBuildPhase;
			buildActionMask = 2147483647;
			files = (
				1903C405261CA2CF0028E9AF /* deneme4_1UITests.swift in Sources */,
			);
			runOnlyForDeploymentPostprocessing = 0;
		};
/* End PBXSourcesBuildPhase section */

/* Begin PBXTargetDependency section */
		1903C3F7261CA2CF0028E9AF /* PBXTargetDependency */ = {
			isa = PBXTargetDependency;
			target = 1903C3DB261CA2CD0028E9AF /* deneme4.1 */;
			targetProxy = 1903C3F6261CA2CF0028E9AF /* PBXContainerItemProxy */;
		};
		1903C402261CA2CF0028E9AF /* PBXTargetDependency */ = {
			isa = PBXTargetDependency;
			target = 1903C3DB261CA2CD0028E9AF /* deneme4.1 */;
			targetProxy = 1903C401261CA2CF0028E9AF /* PBXContainerItemProxy */;
		};
/* End PBXTargetDependency section */

/* Begin PBXVariantGroup section */
		1903C3E5261CA2CD0028E9AF /* Main.storyboard */ = {
			isa = PBXVariantGroup;
			children = (
				1903C3E6261CA2CD0028E9AF /* Base */,
			);
			name = Main.storyboard;
			sourceTree = "<group>";
		};
		1903C3ED261CA2CF0028E9AF /* LaunchScreen.storyboard */ = {
			isa = PBXVariantGroup;
			children = (
				1903C3EE261CA2CF0028E9AF /* Base */,
			);
			name = LaunchScreen.storyboard;
			sourceTree = "<group>";
		};
/* End PBXVariantGroup section */

/* Begin XCBuildConfiguration section */
		1903C407261CA2CF0028E9AF /* Debug */ = {
			isa = XCBuildConfiguration;
			buildSettings = {
				ALWAYS_SEARCH_USER_PATHS = NO;
				CLANG_ANALYZER_NONNULL = YES;
				CLANG_ANALYZER_NUMBER_OBJECT_CONVERSION = YES_AGGRESSIVE;
				CLANG_CXX_LANGUAGE_STANDARD = "gnu++14";
				CLANG_CXX_LIBRARY = "libc++";
				CLANG_ENABLE_MODULES = YES;
				CLANG_ENABLE_OBJC_ARC = YES;
				CLANG_ENABLE_OBJC_WEAK = YES;
				CLANG_WARN_BLOCK_CAPTURE_AUTORELEASING = YES;
				CLANG_WARN_BOOL_CONVERSION = YES;
				CLANG_WARN_COMMA = YES;
				CLANG_WARN_CONSTANT_CONVERSION = YES;
				CLANG_WARN_DEPRECATED_OBJC_IMPLEMENTATIONS = YES;
				CLANG_WARN_DIRECT_OBJC_ISA_USAGE = YES_ERROR;
				CLANG_WARN_DOCUMENTATION_COMMENTS = YES;
				CLANG_WARN_EMPTY_BODY = YES;
				CLANG_WARN_ENUM_CONVERSION = YES;
				CLANG_WARN_INFINITE_RECURSION = YES;
				CLANG_WARN_INT_CONVERSION = YES;
				CLANG_WARN_NON_LITERAL_NULL_CONVERSION = YES;
				CLANG_WARN_OBJC_IMPLICIT_RETAIN_SELF = YES;
				CLANG_WARN_OBJC_LITERAL_CONVERSION = YES;
				CLANG_WARN_OBJC_ROOT_CLASS = YES_ERROR;
				CLANG_WARN_RANGE_LOOP_ANALYSIS = YES;
				CLANG_WARN_STRICT_PROTOTYPES = YES;
				CLANG_WARN_SUSPICIOUS_MOVE = YES;
				CLANG_WARN_UNGUARDED_AVAILABILITY = YES_AGGRESSIVE;
				CLANG_WARN_UNREACHABLE_CODE = YES;
				CLANG_WARN__DUPLICATE_METHOD_MATCH = YES;
				COPY_PHASE_STRIP = NO;
				DEBUG_INFORMATION_FORMAT = dwarf;
				ENABLE_STRICT_OBJC_MSGSEND = YES;
				ENABLE_TESTABILITY = YES;
				GCC_C_LANGUAGE_STANDARD = gnu11;
				GCC_DYNAMIC_NO_PIC = NO;
				GCC_NO_COMMON_BLOCKS = YES;
				GCC_OPTIMIZATION_LEVEL = 0;
				GCC_PREPROCESSOR_DEFINITIONS = (
					"DEBUG=1",
					"$(inherited)",
				);
				GCC_WARN_64_TO_32_BIT_CONVERSION = YES;
				GCC_WARN_ABOUT_RETURN_TYPE = YES_ERROR;
				GCC_WARN_UNDECLARED_SELECTOR = YES;
				GCC_WARN_UNINITIALIZED_AUTOS = YES_AGGRESSIVE;
				GCC_WARN_UNUSED_FUNCTION = YES;
				GCC_WARN_UNUSED_VARIABLE = YES;
				IPHONEOS_DEPLOYMENT_TARGET = 13.2;
				MTL_ENABLE_DEBUG_INFO = INCLUDE_SOURCE;
				MTL_FAST_MATH = YES;
				ONLY_ACTIVE_ARCH = YES;
				SDKROOT = iphoneos;
				SWIFT_ACTIVE_COMPILATION_CONDITIONS = DEBUG;
				SWIFT_OPTIMIZATION_LEVEL = "-Onone";
			};
			name = Debug;
		};
		1903C408261CA2CF0028E9AF /* Release */ = {
			isa = XCBuildConfiguration;
			buildSettings = {
				ALWAYS_SEARCH_USER_PATHS = NO;
				CLANG_ANALYZER_NONNULL = YES;
				CLANG_ANALYZER_NUMBER_OBJECT_CONVERSION = YES_AGGRESSIVE;
				CLANG_CXX_LANGUAGE_STANDARD = "gnu++14";
				CLANG_CXX_LIBRARY = "libc++";
				CLANG_ENABLE_MODULES = YES;
				CLANG_ENABLE_OBJC_ARC = YES;
				CLANG_ENABLE_OBJC_WEAK = YES;
				CLANG_WARN_BLOCK_CAPTURE_AUTORELEASING = YES;
				CLANG_WARN_BOOL_CONVERSION = YES;
				CLANG_WARN_COMMA = YES;
				CLANG_WARN_CONSTANT_CONVERSION = YES;
				CLANG_WARN_DEPRECATED_OBJC_IMPLEMENTATIONS = YES;
				CLANG_WARN_DIRECT_OBJC_ISA_USAGE = YES_ERROR;
				CLANG_WARN_DOCUMENTATION_COMMENTS = YES;
				CLANG_WARN_EMPTY_BODY = YES;
				CLANG_WARN_ENUM_CONVERSION = YES;
				CLANG_WARN_INFINITE_RECURSION = YES;
				CLANG_WARN_INT_CONVERSION = YES;
				CLANG_WARN_NON_LITERAL_NULL_CONVERSION = YES;
				CLANG_WARN_OBJC_IMPLICIT_RETAIN_SELF = YES;
				CLANG_WARN_OBJC_LITERAL_CONVERSION = YES;
				CLANG_WARN_OBJC_ROOT_CLASS = YES_ERROR;
				CLANG_WARN_RANGE_LOOP_ANALYSIS = YES;
				CLANG_WARN_STRICT_PROTOTYPES = YES;
				CLANG_WARN_SUSPICIOUS_MOVE = YES;
				CLANG_WARN_UNGUARDED_AVAILABILITY = YES_AGGRESSIVE;
				CLANG_WARN_UNREACHABLE_CODE = YES;
				CLANG_WARN__DUPLICATE_METHOD_MATCH = YES;
				COPY_PHASE_STRIP = NO;
				DEBUG_INFORMATION_FORMAT = "dwarf-with-dsym";
				ENABLE_NS_ASSERTIONS = NO;
				ENABLE_STRICT_OBJC_MSGSEND = YES;
				GCC_C_LANGUAGE_STANDARD = gnu11;
				GCC_NO_COMMON_BLOCKS = YES;
				GCC_WARN_64_TO_32_BIT_CONVERSION = YES;
				GCC_WARN_ABOUT_RETURN_TYPE = YES_ERROR;
				GCC_WARN_UNDECLARED_SELECTOR = YES;
				GCC_WARN_UNINITIALIZED_AUTOS = YES_AGGRESSIVE;
				GCC_WARN_UNUSED_FUNCTION = YES;
				GCC_WARN_UNUSED_VARIABLE = YES;
				IPHONEOS_DEPLOYMENT_TARGET = 13.2;
				MTL_ENABLE_DEBUG_INFO = NO;
				MTL_FAST_MATH = YES;
				SDKROOT = iphoneos;
				SWIFT_COMPILATION_MODE = wholemodule;
				SWIFT_OPTIMIZATION_LEVEL = "-O";
				VALIDATE_PRODUCT = YES;
			};
			name = Release;
		};
		1903C40A261CA2CF0028E9AF /* Debug */ = {
			isa = XCBuildConfiguration;
			buildSettings = {
				ASSETCATALOG_COMPILER_APPICON_NAME = AppIcon;
				CODE_SIGN_STYLE = Automatic;
				DEVELOPMENT_TEAM = 5XH8ZCD8UH;
				INFOPLIST_FILE = deneme4.1/Info.plist;
				LD_RUNPATH_SEARCH_PATHS = (
					"$(inherited)",
					"@executable_path/Frameworks",
				);
				PRODUCT_BUNDLE_IDENTIFIER = "erdem.deneme4-1";
				PRODUCT_NAME = "$(TARGET_NAME)";
				SWIFT_VERSION = 5.0;
				TARGETED_DEVICE_FAMILY = "1,2";
			};
			name = Debug;
		};
		1903C40B261CA2CF0028E9AF /* Release */ = {
			isa = XCBuildConfiguration;
			buildSettings = {
				ASSETCATALOG_COMPILER_APPICON_NAME = AppIcon;
				CODE_SIGN_STYLE = Automatic;
				DEVELOPMENT_TEAM = 5XH8ZCD8UH;
				INFOPLIST_FILE = deneme4.1/Info.plist;
				LD_RUNPATH_SEARCH_PATHS = (
					"$(inherited)",
					"@executable_path/Frameworks",
				);
				PRODUCT_BUNDLE_IDENTIFIER = "erdem.deneme4-1";
				PRODUCT_NAME = "$(TARGET_NAME)";
				SWIFT_VERSION = 5.0;
				TARGETED_DEVICE_FAMILY = "1,2";
			};
			name = Release;
		};
		1903C40D261CA2CF0028E9AF /* Debug */ = {
			isa = XCBuildConfiguration;
			buildSettings = {
				ALWAYS_EMBED_SWIFT_STANDARD_LIBRARIES = YES;
				BUNDLE_LOADER = "$(TEST_HOST)";
				CODE_SIGN_STYLE = Automatic;
				DEVELOPMENT_TEAM = 5XH8ZCD8UH;
				INFOPLIST_FILE = deneme4.1Tests/Info.plist;
				IPHONEOS_DEPLOYMENT_TARGET = 13.2;
				LD_RUNPATH_SEARCH_PATHS = (
					"$(inherited)",
					"@executable_path/Frameworks",
					"@loader_path/Frameworks",
				);
				PRODUCT_BUNDLE_IDENTIFIER = "erdem.deneme4-1Tests";
				PRODUCT_NAME = "$(TARGET_NAME)";
				SWIFT_VERSION = 5.0;
				TARGETED_DEVICE_FAMILY = "1,2";
				TEST_HOST = "$(BUILT_PRODUCTS_DIR)/deneme4.1.app/deneme4.1";
			};
			name = Debug;
		};
		1903C40E261CA2CF0028E9AF /* Release */ = {
			isa = XCBuildConfiguration;
			buildSettings = {
				ALWAYS_EMBED_SWIFT_STANDARD_LIBRARIES = YES;
				BUNDLE_LOADER = "$(TEST_HOST)";
				CODE_SIGN_STYLE = Automatic;
				DEVELOPMENT_TEAM = 5XH8ZCD8UH;
				INFOPLIST_FILE = deneme4.1Tests/Info.plist;
				IPHONEOS_DEPLOYMENT_TARGET = 13.2;
				LD_RUNPATH_SEARCH_PATHS = (
					"$(inherited)",
					"@executable_path/Frameworks",
					"@loader_path/Frameworks",
				);
				PRODUCT_BUNDLE_IDENTIFIER = "erdem.deneme4-1Tests";
				PRODUCT_NAME = "$(TARGET_NAME)";
				SWIFT_VERSION = 5.0;
				TARGETED_DEVICE_FAMILY = "1,2";
				TEST_HOST = "$(BUILT_PRODUCTS_DIR)/deneme4.1.app/deneme4.1";
			};
			name = Release;
		};
		1903C410261CA2CF0028E9AF /* Debug */ = {
			isa = XCBuildConfiguration;
			buildSettings = {
				ALWAYS_EMBED_SWIFT_STANDARD_LIBRARIES = YES;
				CODE_SIGN_STYLE = Automatic;
				DEVELOPMENT_TEAM = 5XH8ZCD8UH;
				INFOPLIST_FILE = deneme4.1UITests/Info.plist;
				LD_RUNPATH_SEARCH_PATHS = (
					"$(inherited)",
					"@executable_path/Frameworks",
					"@loader_path/Frameworks",
				);
				PRODUCT_BUNDLE_IDENTIFIER = "erdem.deneme4-1UITests";
				PRODUCT_NAME = "$(TARGET_NAME)";
				SWIFT_VERSION = 5.0;
				TARGETED_DEVICE_FAMILY = "1,2";
				TEST_TARGET_NAME = deneme4.1;
			};
			name = Debug;
		};
		1903C411261CA2CF0028E9AF /* Release */ = {
			isa = XCBuildConfiguration;
			buildSettings = {
				ALWAYS_EMBED_SWIFT_STANDARD_LIBRARIES = YES;
				CODE_SIGN_STYLE = Automatic;
				DEVELOPMENT_TEAM = 5XH8ZCD8UH;
				INFOPLIST_FILE = deneme4.1UITests/Info.plist;
				LD_RUNPATH_SEARCH_PATHS = (
					"$(inherited)",
					"@executable_path/Frameworks",
					"@loader_path/Frameworks",
				);
				PRODUCT_BUNDLE_IDENTIFIER = "erdem.deneme4-1UITests";
				PRODUCT_NAME = "$(TARGET_NAME)";
				SWIFT_VERSION = 5.0;
				TARGETED_DEVICE_FAMILY = "1,2";
				TEST_TARGET_NAME = deneme4.1;
			};
			name = Release;
		};
/* End XCBuildConfiguration section */

/* Begin XCConfigurationList section */
		1903C3D7261CA2CD0028E9AF /* Build configuration list for PBXProject "deneme4.1" */ = {
			isa = XCConfigurationList;
			buildConfigurations = (
				1903C407261CA2CF0028E9AF /* Debug */,
				1903C408261CA2CF0028E9AF /* Release */,
			);
			defaultConfigurationIsVisible = 0;
			defaultConfigurationName = Release;
		};
		1903C409261CA2CF0028E9AF /* Build configuration list for PBXNativeTarget "deneme4.1" */ = {
			isa = XCConfigurationList;
			buildConfigurations = (
				1903C40A261CA2CF0028E9AF /* Debug */,
				1903C40B261CA2CF0028E9AF /* Release */,
			);
			defaultConfigurationIsVisible = 0;
			defaultConfigurationName = Release;
		};
		1903C40C261CA2CF0028E9AF /* Build configuration list for PBXNativeTarget "deneme4.1Tests" */ = {
			isa = XCConfigurationList;
			buildConfigurations = (
				1903C40D261CA2CF0028E9AF /* Debug */,
				1903C40E261CA2CF0028E9AF /* Release */,
			);
			defaultConfigurationIsVisible = 0;
			defaultConfigurationName = Release;
		};
		1903C40F261CA2CF0028E9AF /* Build configuration list for PBXNativeTarget "deneme4.1UITests" */ = {
			isa = XCConfigurationList;
			buildConfigurations = (
				1903C410261CA2CF0028E9AF /* Debug */,
				1903C411261CA2CF0028E9AF /* Release */,
			);
			defaultConfigurationIsVisible = 0;
			defaultConfigurationName = Release;
		};
/* End XCConfigurationList section */

/* Begin XCVersionGroup section */
		1903C3E8261CA2CD0028E9AF /* deneme4_1.xcdatamodeld */ = {
			isa = XCVersionGroup;
			children = (
				1903C3E9261CA2CD0028E9AF /* deneme4_1.xcdatamodel */,
			);
			currentVersion = 1903C3E9261CA2CD0028E9AF /* deneme4_1.xcdatamodel */;
			path = deneme4_1.xcdatamodeld;
			sourceTree = "<group>";
			versionGroupType = wrapper.xcdatamodel;
		};
/* End XCVersionGroup section */
	};
	rootObject = 1903C3D4261CA2CD0028E9AF /* Project object */;
}
